{
  "requires": true,
  "lockfileVersion": 1,
  "dependencies": {
    "gijgo": {
      "version": "1.9.4",
      "resolved": "https://registry.npmjs.org/gijgo/-/gijgo-1.9.4.tgz",
      "integrity": "sha512-HlKCQwbO6gvATRR9ZLgAw2MD1n7tAEjJajqJjZs0CVE4ik7VBrqly8yVa3/xuJsFewRjIMxBGgUJ2bsGWg+cZA==",
      "requires": {
        "jquery": "3.3.1"
      }
    },
    "jquery": {
      "version": "3.3.1",
      "resolved": "https://registry.npmjs.org/jquery/-/jquery-3.3.1.tgz",
      "integrity": "sha512-Ubldcmxp5np52/ENotGxlLe6aGMvmF4R8S6tZjsP6Knsaxd/xp3Zrh50cG93lR6nPXyUFwzN3ZSOQI0wRJNdGg=="
    }
  }
}
